
Microsoft Visual Studio Solution File, Format Version 12.00
Project("{FAE04EC0-301F-11D3-BF4B-00C04F79EFBC}") = "Czwiczenie2", "Czwiczenie2\Czwiczenie2.csproj", "{5491EB52-FEC9-4D02-A9C7-C460D03828F1}"
EndProject
Global
	GlobalSection(SolutionConfigurationPlatforms) = preSolution
		Debug|Any CPU = Debug|Any CPU
		Release|Any CPU = Release|Any CPU
	EndGlobalSection
	GlobalSection(ProjectConfigurationPlatforms) = postSolution
		{5491EB52-FEC9-4D02-A9C7-C460D03828F1}.Debug|Any CPU.ActiveCfg = Debug|Any CPU
		{5491EB52-FEC9-4D02-A9C7-C460D03828F1}.Debug|Any CPU.Build.0 = Debug|Any CPU
		{5491EB52-FEC9-4D02-A9C7-C460D03828F1}.Release|Any CPU.ActiveCfg = Release|Any CPU
		{5491EB52-FEC9-4D02-A9C7-C460D03828F1}.Release|Any CPU.Build.0 = Release|Any CPU
	EndGlobalSection
EndGlobal
